
Microsoft Visual Studio Solution File, Format Version 12.00
# Visual Studio 15
VisualStudioVersion = 15.0.28307.136
MinimumVisualStudioVersion = 10.0.40219.1
Project("{FAE04EC0-301F-11D3-BF4B-00C04F79EFBC}") = "PublishSubscribePattern", "PublishSubscribePattern\PublishSubscribePattern.csproj", "{DB9D8A70-3DBC-4A3C-9FFA-86597CB86F6D}"
EndProject
Project("{FAE04EC0-301F-11D3-BF4B-00C04F79EFBC}") = "Tests.PublishSubscriberPattern", "Tests.PublishSubscriberPattern\Tests.PublishSubscriberPattern.csproj", "{8EABB372-0347-48D6-A62F-D7BA2054F0A3}"
EndProject
Global
	GlobalSection(SolutionConfigurationPlatforms) = preSolution
		Debug|Any CPU = Debug|Any CPU
		Release|Any CPU = Release|Any CPU
	EndGlobalSection
	GlobalSection(ProjectConfigurationPlatforms) = postSolution
		{DB9D8A70-3DBC-4A3C-9FFA-86597CB86F6D}.Debug|Any CPU.ActiveCfg = Debug|Any CPU
		{DB9D8A70-3DBC-4A3C-9FFA-86597CB86F6D}.Debug|Any CPU.Build.0 = Debug|Any CPU
		{DB9D8A70-3DBC-4A3C-9FFA-86597CB86F6D}.Release|Any CPU.ActiveCfg = Release|Any CPU
		{DB9D8A70-3DBC-4A3C-9FFA-86597CB86F6D}.Release|Any CPU.Build.0 = Release|Any CPU
		{8EABB372-0347-48D6-A62F-D7BA2054F0A3}.Debug|Any CPU.ActiveCfg = Debug|Any CPU
		{8EABB372-0347-48D6-A62F-D7BA2054F0A3}.Debug|Any CPU.Build.0 = Debug|Any CPU
		{8EABB372-0347-48D6-A62F-D7BA2054F0A3}.Release|Any CPU.ActiveCfg = Release|Any CPU
		{8EABB372-0347-48D6-A62F-D7BA2054F0A3}.Release|Any CPU.Build.0 = Release|Any CPU
	EndGlobalSection
	GlobalSection(SolutionProperties) = preSolution
		HideSolutionNode = FALSE
	EndGlobalSection
	GlobalSection(ExtensibilityGlobals) = postSolution
		SolutionGuid = {2E62012E-2BAF-4553-843A-281FD38FDB79}
	EndGlobalSection
EndGlobal
