
Microsoft Visual Studio Solution File, Format Version 12.00
# Visual Studio Version 16
VisualStudioVersion = 16.0.29728.190
MinimumVisualStudioVersion = 10.0.40219.1
Project("{9A19103F-16F7-4668-BE54-9A1E7A4F7556}") = "PublishSubscribePattern", "PublishSubscribePattern\PublishSubscribePattern.csproj", "{66411593-87FD-4DF3-BF92-5A223B9A8F1D}"
EndProject
Project("{9A19103F-16F7-4668-BE54-9A1E7A4F7556}") = "PublishSubscribePattern.Contracts", "PublishSubscribePattern.Contracts\PublishSubscribePattern.Contracts.csproj", "{3FA79616-884B-4C56-A6AF-D4E8CEE6EF03}"
EndProject
Project("{9A19103F-16F7-4668-BE54-9A1E7A4F7556}") = "PublishSubscribePattern.Test", "PublisherSubscribePattern.Test\PublishSubscribePattern.Test.csproj", "{160E6371-4571-4FB6-A014-298260244078}"
EndProject
Global
	GlobalSection(SolutionConfigurationPlatforms) = preSolution
		Debug|Any CPU = Debug|Any CPU
		Release|Any CPU = Release|Any CPU
	EndGlobalSection
	GlobalSection(ProjectConfigurationPlatforms) = postSolution
		{66411593-87FD-4DF3-BF92-5A223B9A8F1D}.Debug|Any CPU.ActiveCfg = Debug|Any CPU
		{66411593-87FD-4DF3-BF92-5A223B9A8F1D}.Debug|Any CPU.Build.0 = Debug|Any CPU
		{66411593-87FD-4DF3-BF92-5A223B9A8F1D}.Release|Any CPU.ActiveCfg = Release|Any CPU
		{66411593-87FD-4DF3-BF92-5A223B9A8F1D}.Release|Any CPU.Build.0 = Release|Any CPU
		{3FA79616-884B-4C56-A6AF-D4E8CEE6EF03}.Debug|Any CPU.ActiveCfg = Debug|Any CPU
		{3FA79616-884B-4C56-A6AF-D4E8CEE6EF03}.Debug|Any CPU.Build.0 = Debug|Any CPU
		{3FA79616-884B-4C56-A6AF-D4E8CEE6EF03}.Release|Any CPU.ActiveCfg = Release|Any CPU
		{3FA79616-884B-4C56-A6AF-D4E8CEE6EF03}.Release|Any CPU.Build.0 = Release|Any CPU
		{160E6371-4571-4FB6-A014-298260244078}.Debug|Any CPU.ActiveCfg = Debug|Any CPU
		{160E6371-4571-4FB6-A014-298260244078}.Debug|Any CPU.Build.0 = Debug|Any CPU
		{160E6371-4571-4FB6-A014-298260244078}.Release|Any CPU.ActiveCfg = Release|Any CPU
		{160E6371-4571-4FB6-A014-298260244078}.Release|Any CPU.Build.0 = Release|Any CPU
	EndGlobalSection
	GlobalSection(SolutionProperties) = preSolution
		HideSolutionNode = FALSE
	EndGlobalSection
	GlobalSection(ExtensibilityGlobals) = postSolution
		SolutionGuid = {1BBD0046-187A-4A07-8EA9-92AF260F24E9}
	EndGlobalSection
EndGlobal
